
Microsoft Visual Studio Solution File, Format Version 12.00
Project("{FAE04EC0-301F-11D3-BF4B-00C04F79EFBC}") = "UserIdentity.Data", "UserIdentity.Data\UserIdentity.Data.csproj", "{4DF1DBD7-ECB7-46F7-8048-735E0BEBE088}"
EndProject
Project("{FAE04EC0-301F-11D3-BF4B-00C04F79EFBC}") = "UserIdentity.Core", "UserIdentity.Core\UserIdentity.Core.csproj", "{B0B1BB19-E475-4F36-A9CF-5AC3628593DB}"
EndProject
Project("{2150E333-8FDC-42A3-9474-1A3956D46DE8}") = "UserIdentity", "UserIdentity", "{E2104149-FCA2-46BE-864D-8DB61B6DC251}"
EndProject
Project("{2150E333-8FDC-42A3-9474-1A3956D46DE8}") = "DeviceManager", "DeviceManager", "{D2B04CC4-4DED-4F9E-9310-B727236BAAEF}"
EndProject
Project("{2150E333-8FDC-42A3-9474-1A3956D46DE8}") = "ClientApiGateway", "ClientApiGateway", "{3AB080A5-FE0C-4B3C-B5D2-5163D82A3C8E}"
EndProject
Project("{FAE04EC0-301F-11D3-BF4B-00C04F79EFBC}") = "UserIdentity.Api", "UserIdentity.Api\UserIdentity.Api.csproj", "{B13BB7D3-B260-48E0-92EE-21886631C429}"
EndProject
Project("{FAE04EC0-301F-11D3-BF4B-00C04F79EFBC}") = "DeviceManager.Api", "DeviceManager.Api\DeviceManager.Api.csproj", "{4EB2A3DD-1E70-484B-B531-C9DF6D713B95}"
EndProject
Project("{FAE04EC0-301F-11D3-BF4B-00C04F79EFBC}") = "DeviceManager.Core", "DeviceManager.Core\DeviceManager.Core.csproj", "{544FCF93-FB48-44D1-A952-220A2510D13D}"
EndProject
Project("{FAE04EC0-301F-11D3-BF4B-00C04F79EFBC}") = "DeviceManager.Data", "DeviceManager.Data\DeviceManager.Data.csproj", "{F600723E-7919-42AC-8300-8F216945BA8E}"
EndProject
Project("{FAE04EC0-301F-11D3-BF4B-00C04F79EFBC}") = "DeviceManager.Services", "DeviceManager.Services\DeviceManager.Services.csproj", "{B1F64B54-7C91-40A7-87B9-A22FB42B9227}"
EndProject
Project("{2150E333-8FDC-42A3-9474-1A3956D46DE8}") = "DeviceApiGateway", "DeviceApiGateway", "{EF3F4F3C-72E6-4AAB-B1B3-69F08488D74C}"
EndProject
Project("{2150E333-8FDC-42A3-9474-1A3956D46DE8}") = "SensorData", "SensorData", "{02FA54EE-CBC7-4ADC-BAE9-62C2DA7A42C6}"
EndProject
Project("{FAE04EC0-301F-11D3-BF4B-00C04F79EFBC}") = "SensorData.Core", "SensorData.Core\SensorData.Core.csproj", "{3C27A563-5590-49CF-9322-84704AA93393}"
EndProject
Project("{FAE04EC0-301F-11D3-BF4B-00C04F79EFBC}") = "SensorData.Data", "SensorData.Data\SensorData.Data.csproj", "{1409267D-420C-4FC3-8795-87225E57146E}"
EndProject
Project("{FAE04EC0-301F-11D3-BF4B-00C04F79EFBC}") = "SensorData.Services", "SensorData.Services\SensorData.Services.csproj", "{5126BF55-B1E4-4713-929F-1F9686A0EEAA}"
EndProject
Project("{FAE04EC0-301F-11D3-BF4B-00C04F79EFBC}") = "SensorData.Api", "SensorData.Api\SensorData.Api.csproj", "{318FBD83-7158-4339-B1FF-F90735CFCF74}"
EndProject
Project("{FAE04EC0-301F-11D3-BF4B-00C04F79EFBC}") = "ClientApiGateway.Api", "ClientApiGateway.Api\ClientApiGateway.Api.csproj", "{11EC0AD8-4A2A-44CE-83AA-930B0970EE29}"
EndProject
Project("{FAE04EC0-301F-11D3-BF4B-00C04F79EFBC}") = "DeviceApiGateway.Api", "DeviceApiGateway.Api\DeviceApiGateway.Api.csproj", "{C8478C06-2850-44FD-B1C9-7154A4B2724A}"
EndProject
Project("{FAE04EC0-301F-11D3-BF4B-00C04F79EFBC}") = "Shared", "Shared\Shared.csproj", "{23FDFF10-4B86-4CFE-AE5B-097638EC586B}"
EndProject
Global
	GlobalSection(SolutionConfigurationPlatforms) = preSolution
		Debug|Any CPU = Debug|Any CPU
		Release|Any CPU = Release|Any CPU
	EndGlobalSection
	GlobalSection(ProjectConfigurationPlatforms) = postSolution
		{4DF1DBD7-ECB7-46F7-8048-735E0BEBE088}.Debug|Any CPU.ActiveCfg = Debug|Any CPU
		{4DF1DBD7-ECB7-46F7-8048-735E0BEBE088}.Debug|Any CPU.Build.0 = Debug|Any CPU
		{4DF1DBD7-ECB7-46F7-8048-735E0BEBE088}.Release|Any CPU.ActiveCfg = Release|Any CPU
		{4DF1DBD7-ECB7-46F7-8048-735E0BEBE088}.Release|Any CPU.Build.0 = Release|Any CPU
		{B0B1BB19-E475-4F36-A9CF-5AC3628593DB}.Debug|Any CPU.ActiveCfg = Debug|Any CPU
		{B0B1BB19-E475-4F36-A9CF-5AC3628593DB}.Debug|Any CPU.Build.0 = Debug|Any CPU
		{B0B1BB19-E475-4F36-A9CF-5AC3628593DB}.Release|Any CPU.ActiveCfg = Release|Any CPU
		{B0B1BB19-E475-4F36-A9CF-5AC3628593DB}.Release|Any CPU.Build.0 = Release|Any CPU
		{B13BB7D3-B260-48E0-92EE-21886631C429}.Debug|Any CPU.ActiveCfg = Debug|Any CPU
		{B13BB7D3-B260-48E0-92EE-21886631C429}.Debug|Any CPU.Build.0 = Debug|Any CPU
		{B13BB7D3-B260-48E0-92EE-21886631C429}.Release|Any CPU.ActiveCfg = Release|Any CPU
		{B13BB7D3-B260-48E0-92EE-21886631C429}.Release|Any CPU.Build.0 = Release|Any CPU
		{4EB2A3DD-1E70-484B-B531-C9DF6D713B95}.Debug|Any CPU.ActiveCfg = Debug|Any CPU
		{4EB2A3DD-1E70-484B-B531-C9DF6D713B95}.Debug|Any CPU.Build.0 = Debug|Any CPU
		{4EB2A3DD-1E70-484B-B531-C9DF6D713B95}.Release|Any CPU.ActiveCfg = Release|Any CPU
		{4EB2A3DD-1E70-484B-B531-C9DF6D713B95}.Release|Any CPU.Build.0 = Release|Any CPU
		{544FCF93-FB48-44D1-A952-220A2510D13D}.Debug|Any CPU.ActiveCfg = Debug|Any CPU
		{544FCF93-FB48-44D1-A952-220A2510D13D}.Debug|Any CPU.Build.0 = Debug|Any CPU
		{544FCF93-FB48-44D1-A952-220A2510D13D}.Release|Any CPU.ActiveCfg = Release|Any CPU
		{544FCF93-FB48-44D1-A952-220A2510D13D}.Release|Any CPU.Build.0 = Release|Any CPU
		{F600723E-7919-42AC-8300-8F216945BA8E}.Debug|Any CPU.ActiveCfg = Debug|Any CPU
		{F600723E-7919-42AC-8300-8F216945BA8E}.Debug|Any CPU.Build.0 = Debug|Any CPU
		{F600723E-7919-42AC-8300-8F216945BA8E}.Release|Any CPU.ActiveCfg = Release|Any CPU
		{F600723E-7919-42AC-8300-8F216945BA8E}.Release|Any CPU.Build.0 = Release|Any CPU
		{B1F64B54-7C91-40A7-87B9-A22FB42B9227}.Debug|Any CPU.ActiveCfg = Debug|Any CPU
		{B1F64B54-7C91-40A7-87B9-A22FB42B9227}.Debug|Any CPU.Build.0 = Debug|Any CPU
		{B1F64B54-7C91-40A7-87B9-A22FB42B9227}.Release|Any CPU.ActiveCfg = Release|Any CPU
		{B1F64B54-7C91-40A7-87B9-A22FB42B9227}.Release|Any CPU.Build.0 = Release|Any CPU
		{3C27A563-5590-49CF-9322-84704AA93393}.Debug|Any CPU.ActiveCfg = Debug|Any CPU
		{3C27A563-5590-49CF-9322-84704AA93393}.Debug|Any CPU.Build.0 = Debug|Any CPU
		{3C27A563-5590-49CF-9322-84704AA93393}.Release|Any CPU.ActiveCfg = Release|Any CPU
		{3C27A563-5590-49CF-9322-84704AA93393}.Release|Any CPU.Build.0 = Release|Any CPU
		{1409267D-420C-4FC3-8795-87225E57146E}.Debug|Any CPU.ActiveCfg = Debug|Any CPU
		{1409267D-420C-4FC3-8795-87225E57146E}.Debug|Any CPU.Build.0 = Debug|Any CPU
		{1409267D-420C-4FC3-8795-87225E57146E}.Release|Any CPU.ActiveCfg = Release|Any CPU
		{1409267D-420C-4FC3-8795-87225E57146E}.Release|Any CPU.Build.0 = Release|Any CPU
		{5126BF55-B1E4-4713-929F-1F9686A0EEAA}.Debug|Any CPU.ActiveCfg = Debug|Any CPU
		{5126BF55-B1E4-4713-929F-1F9686A0EEAA}.Debug|Any CPU.Build.0 = Debug|Any CPU
		{5126BF55-B1E4-4713-929F-1F9686A0EEAA}.Release|Any CPU.ActiveCfg = Release|Any CPU
		{5126BF55-B1E4-4713-929F-1F9686A0EEAA}.Release|Any CPU.Build.0 = Release|Any CPU
		{318FBD83-7158-4339-B1FF-F90735CFCF74}.Debug|Any CPU.ActiveCfg = Debug|Any CPU
		{318FBD83-7158-4339-B1FF-F90735CFCF74}.Debug|Any CPU.Build.0 = Debug|Any CPU
		{318FBD83-7158-4339-B1FF-F90735CFCF74}.Release|Any CPU.ActiveCfg = Release|Any CPU
		{318FBD83-7158-4339-B1FF-F90735CFCF74}.Release|Any CPU.Build.0 = Release|Any CPU
		{11EC0AD8-4A2A-44CE-83AA-930B0970EE29}.Debug|Any CPU.ActiveCfg = Debug|Any CPU
		{11EC0AD8-4A2A-44CE-83AA-930B0970EE29}.Debug|Any CPU.Build.0 = Debug|Any CPU
		{11EC0AD8-4A2A-44CE-83AA-930B0970EE29}.Release|Any CPU.ActiveCfg = Release|Any CPU
		{11EC0AD8-4A2A-44CE-83AA-930B0970EE29}.Release|Any CPU.Build.0 = Release|Any CPU
		{C8478C06-2850-44FD-B1C9-7154A4B2724A}.Debug|Any CPU.ActiveCfg = Debug|Any CPU
		{C8478C06-2850-44FD-B1C9-7154A4B2724A}.Debug|Any CPU.Build.0 = Debug|Any CPU
		{C8478C06-2850-44FD-B1C9-7154A4B2724A}.Release|Any CPU.ActiveCfg = Release|Any CPU
		{C8478C06-2850-44FD-B1C9-7154A4B2724A}.Release|Any CPU.Build.0 = Release|Any CPU
		{23FDFF10-4B86-4CFE-AE5B-097638EC586B}.Debug|Any CPU.ActiveCfg = Debug|Any CPU
		{23FDFF10-4B86-4CFE-AE5B-097638EC586B}.Debug|Any CPU.Build.0 = Debug|Any CPU
		{23FDFF10-4B86-4CFE-AE5B-097638EC586B}.Release|Any CPU.ActiveCfg = Release|Any CPU
		{23FDFF10-4B86-4CFE-AE5B-097638EC586B}.Release|Any CPU.Build.0 = Release|Any CPU
	EndGlobalSection
	GlobalSection(NestedProjects) = preSolution
		{B0B1BB19-E475-4F36-A9CF-5AC3628593DB} = {E2104149-FCA2-46BE-864D-8DB61B6DC251}
		{4DF1DBD7-ECB7-46F7-8048-735E0BEBE088} = {E2104149-FCA2-46BE-864D-8DB61B6DC251}
		{B13BB7D3-B260-48E0-92EE-21886631C429} = {E2104149-FCA2-46BE-864D-8DB61B6DC251}
		{4EB2A3DD-1E70-484B-B531-C9DF6D713B95} = {D2B04CC4-4DED-4F9E-9310-B727236BAAEF}
		{544FCF93-FB48-44D1-A952-220A2510D13D} = {D2B04CC4-4DED-4F9E-9310-B727236BAAEF}
		{F600723E-7919-42AC-8300-8F216945BA8E} = {D2B04CC4-4DED-4F9E-9310-B727236BAAEF}
		{B1F64B54-7C91-40A7-87B9-A22FB42B9227} = {D2B04CC4-4DED-4F9E-9310-B727236BAAEF}
		{3C27A563-5590-49CF-9322-84704AA93393} = {02FA54EE-CBC7-4ADC-BAE9-62C2DA7A42C6}
		{1409267D-420C-4FC3-8795-87225E57146E} = {02FA54EE-CBC7-4ADC-BAE9-62C2DA7A42C6}
		{5126BF55-B1E4-4713-929F-1F9686A0EEAA} = {02FA54EE-CBC7-4ADC-BAE9-62C2DA7A42C6}
		{318FBD83-7158-4339-B1FF-F90735CFCF74} = {02FA54EE-CBC7-4ADC-BAE9-62C2DA7A42C6}
		{11EC0AD8-4A2A-44CE-83AA-930B0970EE29} = {3AB080A5-FE0C-4B3C-B5D2-5163D82A3C8E}
		{C8478C06-2850-44FD-B1C9-7154A4B2724A} = {EF3F4F3C-72E6-4AAB-B1B3-69F08488D74C}
	EndGlobalSection
EndGlobal
