
Microsoft Visual Studio Solution File, Format Version 12.00
Project("{FAE04EC0-301F-11D3-BF4B-00C04F79EFBC}") = "DeviceGrpcService", "DeviceGrpcService\DeviceGrpcService.csproj", "{CAAC839F-1AE3-45D4-BE53-0EA7F538FD18}"
EndProject
Project("{FAE04EC0-301F-11D3-BF4B-00C04F79EFBC}") = "ConsoleApp1", "ConsoleApp1\ConsoleApp1.csproj", "{E56F4B27-F6E2-4B9E-8299-C44949EBC892}"
EndProject
Project("{FAE04EC0-301F-11D3-BF4B-00C04F79EFBC}") = "SensorDataGrpcService", "SensorDataGrpcService\SensorDataGrpcService.csproj", "{F294331B-379F-4446-9CC9-4D1FE72401F7}"
EndProject
Project("{FAE04EC0-301F-11D3-BF4B-00C04F79EFBC}") = "WebApiGateway", "WebApiGateway\WebApiGateway.csproj", "{2954F5D9-6376-4489-A4FE-3A5B1F469827}"
EndProject
Project("{FAE04EC0-301F-11D3-BF4B-00C04F79EFBC}") = "DeviceApiGateway", "DeviceApiGateway\DeviceApiGateway.csproj", "{A2C0DE62-BF53-4662-A4ED-69E83F7DBC86}"
EndProject
Project("{FAE04EC0-301F-11D3-BF4B-00C04F79EFBC}") = "UserIdentity.Data", "UserIdentity.Data\UserIdentity.Data.csproj", "{4DF1DBD7-ECB7-46F7-8048-735E0BEBE088}"
EndProject
Project("{FAE04EC0-301F-11D3-BF4B-00C04F79EFBC}") = "UserIdentity.Core", "UserIdentity.Core\UserIdentity.Core.csproj", "{B0B1BB19-E475-4F36-A9CF-5AC3628593DB}"
EndProject
Project("{2150E333-8FDC-42A3-9474-1A3956D46DE8}") = "UserIdentity", "UserIdentity", "{E2104149-FCA2-46BE-864D-8DB61B6DC251}"
EndProject
Project("{2150E333-8FDC-42A3-9474-1A3956D46DE8}") = "DeviceManagement", "DeviceManagement", "{D2B04CC4-4DED-4F9E-9310-B727236BAAEF}"
EndProject
Project("{2150E333-8FDC-42A3-9474-1A3956D46DE8}") = "ClientApiGateway", "ClientApiGateway", "{3AB080A5-FE0C-4B3C-B5D2-5163D82A3C8E}"
EndProject
Project("{FAE04EC0-301F-11D3-BF4B-00C04F79EFBC}") = "UserIdentity.Api", "UserIdentity.Api\UserIdentity.Api.csproj", "{B13BB7D3-B260-48E0-92EE-21886631C429}"
EndProject
Project("{FAE04EC0-301F-11D3-BF4B-00C04F79EFBC}") = "UserIdentity.Services", "UserIdentity.Services\UserIdentity.Services.csproj", "{C2CE1F9A-7DE7-493A-BCE9-532B67E1240A}"
EndProject
Global
	GlobalSection(SolutionConfigurationPlatforms) = preSolution
		Debug|Any CPU = Debug|Any CPU
		Release|Any CPU = Release|Any CPU
	EndGlobalSection
	GlobalSection(ProjectConfigurationPlatforms) = postSolution
		{CAAC839F-1AE3-45D4-BE53-0EA7F538FD18}.Debug|Any CPU.ActiveCfg = Debug|Any CPU
		{CAAC839F-1AE3-45D4-BE53-0EA7F538FD18}.Debug|Any CPU.Build.0 = Debug|Any CPU
		{CAAC839F-1AE3-45D4-BE53-0EA7F538FD18}.Release|Any CPU.ActiveCfg = Release|Any CPU
		{CAAC839F-1AE3-45D4-BE53-0EA7F538FD18}.Release|Any CPU.Build.0 = Release|Any CPU
		{E56F4B27-F6E2-4B9E-8299-C44949EBC892}.Debug|Any CPU.ActiveCfg = Debug|Any CPU
		{E56F4B27-F6E2-4B9E-8299-C44949EBC892}.Debug|Any CPU.Build.0 = Debug|Any CPU
		{E56F4B27-F6E2-4B9E-8299-C44949EBC892}.Release|Any CPU.ActiveCfg = Release|Any CPU
		{E56F4B27-F6E2-4B9E-8299-C44949EBC892}.Release|Any CPU.Build.0 = Release|Any CPU
		{F294331B-379F-4446-9CC9-4D1FE72401F7}.Debug|Any CPU.ActiveCfg = Debug|Any CPU
		{F294331B-379F-4446-9CC9-4D1FE72401F7}.Debug|Any CPU.Build.0 = Debug|Any CPU
		{F294331B-379F-4446-9CC9-4D1FE72401F7}.Release|Any CPU.ActiveCfg = Release|Any CPU
		{F294331B-379F-4446-9CC9-4D1FE72401F7}.Release|Any CPU.Build.0 = Release|Any CPU
		{2954F5D9-6376-4489-A4FE-3A5B1F469827}.Debug|Any CPU.ActiveCfg = Debug|Any CPU
		{2954F5D9-6376-4489-A4FE-3A5B1F469827}.Debug|Any CPU.Build.0 = Debug|Any CPU
		{2954F5D9-6376-4489-A4FE-3A5B1F469827}.Release|Any CPU.ActiveCfg = Release|Any CPU
		{2954F5D9-6376-4489-A4FE-3A5B1F469827}.Release|Any CPU.Build.0 = Release|Any CPU
		{A2C0DE62-BF53-4662-A4ED-69E83F7DBC86}.Debug|Any CPU.ActiveCfg = Debug|Any CPU
		{A2C0DE62-BF53-4662-A4ED-69E83F7DBC86}.Debug|Any CPU.Build.0 = Debug|Any CPU
		{A2C0DE62-BF53-4662-A4ED-69E83F7DBC86}.Release|Any CPU.ActiveCfg = Release|Any CPU
		{A2C0DE62-BF53-4662-A4ED-69E83F7DBC86}.Release|Any CPU.Build.0 = Release|Any CPU
		{4DF1DBD7-ECB7-46F7-8048-735E0BEBE088}.Debug|Any CPU.ActiveCfg = Debug|Any CPU
		{4DF1DBD7-ECB7-46F7-8048-735E0BEBE088}.Debug|Any CPU.Build.0 = Debug|Any CPU
		{4DF1DBD7-ECB7-46F7-8048-735E0BEBE088}.Release|Any CPU.ActiveCfg = Release|Any CPU
		{4DF1DBD7-ECB7-46F7-8048-735E0BEBE088}.Release|Any CPU.Build.0 = Release|Any CPU
		{B0B1BB19-E475-4F36-A9CF-5AC3628593DB}.Debug|Any CPU.ActiveCfg = Debug|Any CPU
		{B0B1BB19-E475-4F36-A9CF-5AC3628593DB}.Debug|Any CPU.Build.0 = Debug|Any CPU
		{B0B1BB19-E475-4F36-A9CF-5AC3628593DB}.Release|Any CPU.ActiveCfg = Release|Any CPU
		{B0B1BB19-E475-4F36-A9CF-5AC3628593DB}.Release|Any CPU.Build.0 = Release|Any CPU
		{B13BB7D3-B260-48E0-92EE-21886631C429}.Debug|Any CPU.ActiveCfg = Debug|Any CPU
		{B13BB7D3-B260-48E0-92EE-21886631C429}.Debug|Any CPU.Build.0 = Debug|Any CPU
		{B13BB7D3-B260-48E0-92EE-21886631C429}.Release|Any CPU.ActiveCfg = Release|Any CPU
		{B13BB7D3-B260-48E0-92EE-21886631C429}.Release|Any CPU.Build.0 = Release|Any CPU
		{C2CE1F9A-7DE7-493A-BCE9-532B67E1240A}.Debug|Any CPU.ActiveCfg = Debug|Any CPU
		{C2CE1F9A-7DE7-493A-BCE9-532B67E1240A}.Debug|Any CPU.Build.0 = Debug|Any CPU
		{C2CE1F9A-7DE7-493A-BCE9-532B67E1240A}.Release|Any CPU.ActiveCfg = Release|Any CPU
		{C2CE1F9A-7DE7-493A-BCE9-532B67E1240A}.Release|Any CPU.Build.0 = Release|Any CPU
	EndGlobalSection
	GlobalSection(NestedProjects) = preSolution
		{B0B1BB19-E475-4F36-A9CF-5AC3628593DB} = {E2104149-FCA2-46BE-864D-8DB61B6DC251}
		{4DF1DBD7-ECB7-46F7-8048-735E0BEBE088} = {E2104149-FCA2-46BE-864D-8DB61B6DC251}
		{B13BB7D3-B260-48E0-92EE-21886631C429} = {E2104149-FCA2-46BE-864D-8DB61B6DC251}
		{C2CE1F9A-7DE7-493A-BCE9-532B67E1240A} = {E2104149-FCA2-46BE-864D-8DB61B6DC251}
	EndGlobalSection
EndGlobal
